// !$*UTF8*$!
{
	archiveVersion = 1;
	classes = {
	};
	objectVersion = 51;
	objects = {

/* Begin PBXBuildFile section */
		32500BAE246A44BF006FB710 /* AdminMainMenuController.swift in Sources */ = {isa = PBXBuildFile; fileRef = 32500BAD246A44BF006FB710 /* AdminMainMenuController.swift */; };
		3265D1FE244FAD4F004949AE /* AppDelegate.swift in Sources */ = {isa = PBXBuildFile; fileRef = 3265D1FD244FAD4F004949AE /* AppDelegate.swift */; };
		3265D200244FAD4F004949AE /* SceneDelegate.swift in Sources */ = {isa = PBXBuildFile; fileRef = 3265D1FF244FAD4F004949AE /* SceneDelegate.swift */; };
		3265D202244FAD4F004949AE /* AuthViewController.swift in Sources */ = {isa = PBXBuildFile; fileRef = 3265D201244FAD4F004949AE /* AuthViewController.swift */; };
		3265D205244FAD4F004949AE /* Main.storyboard in Resources */ = {isa = PBXBuildFile; fileRef = 3265D203244FAD4F004949AE /* Main.storyboard */; };
		3265D207244FAD6A004949AE /* Assets.xcassets in Resources */ = {isa = PBXBuildFile; fileRef = 3265D206244FAD6A004949AE /* Assets.xcassets */; };
		3265D20A244FAD6A004949AE /* LaunchScreen.storyboard in Resources */ = {isa = PBXBuildFile; fileRef = 3265D208244FAD6A004949AE /* LaunchScreen.storyboard */; };
		32A21BA22450F38F0089E31A /* GoogleService-Info.plist in Resources */ = {isa = PBXBuildFile; fileRef = 32A21BA12450F38F0089E31A /* GoogleService-Info.plist */; };
		32A21BA4245141D90089E31A /* SolicitudViewController.swift in Sources */ = {isa = PBXBuildFile; fileRef = 32A21BA3245141D90089E31A /* SolicitudViewController.swift */; };
		5FD7144B24511A770089A2C3 /* AdminTableViewController.swift in Sources */ = {isa = PBXBuildFile; fileRef = 5FD7144A24511A770089A2C3 /* AdminTableViewController.swift */; };
		5FD7144D24511ABF0089A2C3 /* EmployeeViewController.swift in Sources */ = {isa = PBXBuildFile; fileRef = 5FD7144C24511ABF0089A2C3 /* EmployeeViewController.swift */; };
		7BB26ACCA0158606D6F0CE56 /* Pods_vacaciones_HEB.framework in Frameworks */ = {isa = PBXBuildFile; fileRef = AFB50F054D2CFFAD1131D35E /* Pods_vacaciones_HEB.framework */; };
		8B1547342451D51400D70DDE /* DetalleSolViewController.swift in Sources */ = {isa = PBXBuildFile; fileRef = 8B1547332451D51400D70DDE /* DetalleSolViewController.swift */; };
/* End PBXBuildFile section */

/* Begin PBXFileReference section */
		32500BAD246A44BF006FB710 /* AdminMainMenuController.swift */ = {isa = PBXFileReference; lastKnownFileType = sourcecode.swift; path = AdminMainMenuController.swift; sourceTree = "<group>"; };
		3265D1FA244FAD4F004949AE /* vacaciones_HEB.app */ = {isa = PBXFileReference; explicitFileType = wrapper.application; includeInIndex = 0; path = vacaciones_HEB.app; sourceTree = BUILT_PRODUCTS_DIR; };
		3265D1FD244FAD4F004949AE /* AppDelegate.swift */ = {isa = PBXFileReference; lastKnownFileType = sourcecode.swift; path = AppDelegate.swift; sourceTree = "<group>"; };
		3265D1FF244FAD4F004949AE /* SceneDelegate.swift */ = {isa = PBXFileReference; lastKnownFileType = sourcecode.swift; path = SceneDelegate.swift; sourceTree = "<group>"; };
		3265D201244FAD4F004949AE /* AuthViewController.swift */ = {isa = PBXFileReference; lastKnownFileType = sourcecode.swift; path = AuthViewController.swift; sourceTree = "<group>"; };
		3265D204244FAD4F004949AE /* Base */ = {isa = PBXFileReference; lastKnownFileType = file.storyboard; name = Base; path = Base.lproj/Main.storyboard; sourceTree = "<group>"; };
		3265D206244FAD6A004949AE /* Assets.xcassets */ = {isa = PBXFileReference; lastKnownFileType = folder.assetcatalog; path = Assets.xcassets; sourceTree = "<group>"; };
		3265D209244FAD6A004949AE /* Base */ = {isa = PBXFileReference; lastKnownFileType = file.storyboard; name = Base; path = Base.lproj/LaunchScreen.storyboard; sourceTree = "<group>"; };
		3265D20B244FAD6A004949AE /* Info.plist */ = {isa = PBXFileReference; lastKnownFileType = text.plist.xml; path = Info.plist; sourceTree = "<group>"; };
		32A21BA12450F38F0089E31A /* GoogleService-Info.plist */ = {isa = PBXFileReference; fileEncoding = 4; lastKnownFileType = text.plist.xml; path = "GoogleService-Info.plist"; sourceTree = "<group>"; };
		32A21BA3245141D90089E31A /* SolicitudViewController.swift */ = {isa = PBXFileReference; lastKnownFileType = sourcecode.swift; path = SolicitudViewController.swift; sourceTree = "<group>"; };
		32C785462452067000C51B52 /* Solicitud.swift */ = {isa = PBXFileReference; lastKnownFileType = sourcecode.swift; path = Solicitud.swift; sourceTree = "<group>"; };
		5FD7144A24511A770089A2C3 /* AdminTableViewController.swift */ = {isa = PBXFileReference; lastKnownFileType = sourcecode.swift; path = AdminTableViewController.swift; sourceTree = "<group>"; };
		5FD7144C24511ABF0089A2C3 /* EmployeeViewController.swift */ = {isa = PBXFileReference; lastKnownFileType = sourcecode.swift; path = EmployeeViewController.swift; sourceTree = "<group>"; };
		6BBCF35BEE31BF1B1C4BC8C6 /* Pods-vacaciones_HEB.release.xcconfig */ = {isa = PBXFileReference; includeInIndex = 1; lastKnownFileType = text.xcconfig; name = "Pods-vacaciones_HEB.release.xcconfig"; path = "Target Support Files/Pods-vacaciones_HEB/Pods-vacaciones_HEB.release.xcconfig"; sourceTree = "<group>"; };
		8B1547332451D51400D70DDE /* DetalleSolViewController.swift */ = {isa = PBXFileReference; lastKnownFileType = sourcecode.swift; path = DetalleSolViewController.swift; sourceTree = "<group>"; };
		AFB50F054D2CFFAD1131D35E /* Pods_vacaciones_HEB.framework */ = {isa = PBXFileReference; explicitFileType = wrapper.framework; includeInIndex = 0; path = Pods_vacaciones_HEB.framework; sourceTree = BUILT_PRODUCTS_DIR; };
		FB703115E26884E604592302 /* Pods-vacaciones_HEB.debug.xcconfig */ = {isa = PBXFileReference; includeInIndex = 1; lastKnownFileType = text.xcconfig; name = "Pods-vacaciones_HEB.debug.xcconfig"; path = "Target Support Files/Pods-vacaciones_HEB/Pods-vacaciones_HEB.debug.xcconfig"; sourceTree = "<group>"; };
/* End PBXFileReference section */

/* Begin PBXFrameworksBuildPhase section */
		3265D1F7244FAD4F004949AE /* Frameworks */ = {
			isa = PBXFrameworksBuildPhase;
			buildActionMask = 2147483647;
			files = (
				7BB26ACCA0158606D6F0CE56 /* Pods_vacaciones_HEB.framework in Frameworks */,
			);
			runOnlyForDeploymentPostprocessing = 0;
		};
/* End PBXFrameworksBuildPhase section */

/* Begin PBXGroup section */
		3265D1F1244FAD4E004949AE = {
			isa = PBXGroup;
			children = (
				3265D1FC244FAD4F004949AE /* vacaciones_HEB */,
				3265D1FB244FAD4F004949AE /* Products */,
				7897E96F12572B1354A7EC01 /* Pods */,
				DA71B3F4FC38B3802F6C9C1C /* Frameworks */,
			);
			sourceTree = "<group>";
		};
		3265D1FB244FAD4F004949AE /* Products */ = {
			isa = PBXGroup;
			children = (
				3265D1FA244FAD4F004949AE /* vacaciones_HEB.app */,
			);
			name = Products;
			sourceTree = "<group>";
		};
		3265D1FC244FAD4F004949AE /* vacaciones_HEB */ = {
			isa = PBXGroup;
			children = (
				3265D1FD244FAD4F004949AE /* AppDelegate.swift */,
				3265D1FF244FAD4F004949AE /* SceneDelegate.swift */,
				3265D201244FAD4F004949AE /* AuthViewController.swift */,
				3265D203244FAD4F004949AE /* Main.storyboard */,
				32500BAD246A44BF006FB710 /* AdminMainMenuController.swift */,
				32C785462452067000C51B52 /* Solicitud.swift */,
				8B1547332451D51400D70DDE /* DetalleSolViewController.swift */,
				32A21BA3245141D90089E31A /* SolicitudViewController.swift */,
				5FD7144C24511ABF0089A2C3 /* EmployeeViewController.swift */,
				5FD7144A24511A770089A2C3 /* AdminTableViewController.swift */,
				3265D206244FAD6A004949AE /* Assets.xcassets */,
				3265D208244FAD6A004949AE /* LaunchScreen.storyboard */,
				3265D20B244FAD6A004949AE /* Info.plist */,
				32A21BA12450F38F0089E31A /* GoogleService-Info.plist */,
			);
			path = vacaciones_HEB;
			sourceTree = "<group>";
		};
		7897E96F12572B1354A7EC01 /* Pods */ = {
			isa = PBXGroup;
			children = (
				FB703115E26884E604592302 /* Pods-vacaciones_HEB.debug.xcconfig */,
				6BBCF35BEE31BF1B1C4BC8C6 /* Pods-vacaciones_HEB.release.xcconfig */,
			);
			path = Pods;
			sourceTree = "<group>";
		};
		DA71B3F4FC38B3802F6C9C1C /* Frameworks */ = {
			isa = PBXGroup;
			children = (
				AFB50F054D2CFFAD1131D35E /* Pods_vacaciones_HEB.framework */,
			);
			name = Frameworks;
			sourceTree = "<group>";
		};
/* End PBXGroup section */

/* Begin PBXNativeTarget section */
		3265D1F9244FAD4F004949AE /* vacaciones_HEB */ = {
			isa = PBXNativeTarget;
			buildConfigurationList = 3265D20E244FAD6B004949AE /* Build configuration list for PBXNativeTarget "vacaciones_HEB" */;
			buildPhases = (
				CD675CB1642F4BECB3013DDF /* [CP] Check Pods Manifest.lock */,
				3265D1F6244FAD4F004949AE /* Sources */,
				3265D1F7244FAD4F004949AE /* Frameworks */,
				3265D1F8244FAD4F004949AE /* Resources */,
				D38E3C9D7E367E4BD88696E3 /* [CP] Embed Pods Frameworks */,
			);
			buildRules = (
			);
			dependencies = (
			);
			name = vacaciones_HEB;
			productName = vacaciones_HEB;
			productReference = 3265D1FA244FAD4F004949AE /* vacaciones_HEB.app */;
			productType = "com.apple.product-type.application";
		};
/* End PBXNativeTarget section */

/* Begin PBXProject section */
		3265D1F2244FAD4E004949AE /* Project object */ = {
			isa = PBXProject;
			attributes = {
				LastSwiftUpdateCheck = 1110;
				LastUpgradeCheck = 1110;
				ORGANIZATIONNAME = "José Alberto Marcial Sánchez";
				TargetAttributes = {
					3265D1F9244FAD4F004949AE = {
						CreatedOnToolsVersion = 11.1;
					};
				};
			};
			buildConfigurationList = 3265D1F5244FAD4E004949AE /* Build configuration list for PBXProject "vacaciones_HEB" */;
			compatibilityVersion = "Xcode 9.3";
			developmentRegion = en;
			hasScannedForEncodings = 0;
			knownRegions = (
				en,
				Base,
			);
			mainGroup = 3265D1F1244FAD4E004949AE;
			productRefGroup = 3265D1FB244FAD4F004949AE /* Products */;
			projectDirPath = "";
			projectRoot = "";
			targets = (
				3265D1F9244FAD4F004949AE /* vacaciones_HEB */,
			);
		};
/* End PBXProject section */

/* Begin PBXResourcesBuildPhase section */
		3265D1F8244FAD4F004949AE /* Resources */ = {
			isa = PBXResourcesBuildPhase;
			buildActionMask = 2147483647;
			files = (
				3265D20A244FAD6A004949AE /* LaunchScreen.storyboard in Resources */,
				32A21BA22450F38F0089E31A /* GoogleService-Info.plist in Resources */,
				3265D207244FAD6A004949AE /* Assets.xcassets in Resources */,
				3265D205244FAD4F004949AE /* Main.storyboard in Resources */,
			);
			runOnlyForDeploymentPostprocessing = 0;
		};
/* End PBXResourcesBuildPhase section */

/* Begin PBXShellScriptBuildPhase section */
		CD675CB1642F4BECB3013DDF /* [CP] Check Pods Manifest.lock */ = {
			isa = PBXShellScriptBuildPhase;
			buildActionMask = 2147483647;
			files = (
			);
			inputFileListPaths = (
			);
			inputPaths = (
				"${PODS_PODFILE_DIR_PATH}/Podfile.lock",
				"${PODS_ROOT}/Manifest.lock",
			);
			name = "[CP] Check Pods Manifest.lock";
			outputFileListPaths = (
			);
			outputPaths = (
				"$(DERIVED_FILE_DIR)/Pods-vacaciones_HEB-checkManifestLockResult.txt",
			);
			runOnlyForDeploymentPostprocessing = 0;
			shellPath = /bin/sh;
			shellScript = "diff \"${PODS_PODFILE_DIR_PATH}/Podfile.lock\" \"${PODS_ROOT}/Manifest.lock\" > /dev/null\nif [ $? != 0 ] ; then\n    # print error to STDERR\n    echo \"error: The sandbox is not in sync with the Podfile.lock. Run 'pod install' or update your CocoaPods installation.\" >&2\n    exit 1\nfi\n# This output is used by Xcode 'outputs' to avoid re-running this script phase.\necho \"SUCCESS\" > \"${SCRIPT_OUTPUT_FILE_0}\"\n";
			showEnvVarsInLog = 0;
		};
		D38E3C9D7E367E4BD88696E3 /* [CP] Embed Pods Frameworks */ = {
			isa = PBXShellScriptBuildPhase;
			buildActionMask = 2147483647;
			files = (
			);
			inputFileListPaths = (
				"${PODS_ROOT}/Target Support Files/Pods-vacaciones_HEB/Pods-vacaciones_HEB-frameworks-${CONFIGURATION}-input-files.xcfilelist",
			);
			name = "[CP] Embed Pods Frameworks";
			outputFileListPaths = (
				"${PODS_ROOT}/Target Support Files/Pods-vacaciones_HEB/Pods-vacaciones_HEB-frameworks-${CONFIGURATION}-output-files.xcfilelist",
			);
			runOnlyForDeploymentPostprocessing = 0;
			shellPath = /bin/sh;
			shellScript = "\"${PODS_ROOT}/Target Support Files/Pods-vacaciones_HEB/Pods-vacaciones_HEB-frameworks.sh\"\n";
			showEnvVarsInLog = 0;
		};
/* End PBXShellScriptBuildPhase section */

/* Begin PBXSourcesBuildPhase section */
		3265D1F6244FAD4F004949AE /* Sources */ = {
			isa = PBXSourcesBuildPhase;
			buildActionMask = 2147483647;
			files = (
				5FD7144D24511ABF0089A2C3 /* EmployeeViewController.swift in Sources */,
				3265D202244FAD4F004949AE /* AuthViewController.swift in Sources */,
				5FD7144B24511A770089A2C3 /* AdminTableViewController.swift in Sources */,
				8B1547342451D51400D70DDE /* DetalleSolViewController.swift in Sources */,
				3265D1FE244FAD4F004949AE /* AppDelegate.swift in Sources */,
				3265D200244FAD4F004949AE /* SceneDelegate.swift in Sources */,
				32A21BA4245141D90089E31A /* SolicitudViewController.swift in Sources */,
				32500BAE246A44BF006FB710 /* AdminMainMenuController.swift in Sources */,
			);
			runOnlyForDeploymentPostprocessing = 0;
		};
/* End PBXSourcesBuildPhase section */

/* Begin PBXVariantGroup section */
		3265D203244FAD4F004949AE /* Main.storyboard */ = {
			isa = PBXVariantGroup;
			children = (
				3265D204244FAD4F004949AE /* Base */,
			);
			name = Main.storyboard;
			sourceTree = "<group>";
		};
		3265D208244FAD6A004949AE /* LaunchScreen.storyboard */ = {
			isa = PBXVariantGroup;
			children = (
				3265D209244FAD6A004949AE /* Base */,
			);
			name = LaunchScreen.storyboard;
			sourceTree = "<group>";
		};
/* End PBXVariantGroup section */

/* Begin XCBuildConfiguration section */
		3265D20C244FAD6B004949AE /* Debug */ = {
			isa = XCBuildConfiguration;
			buildSettings = {
				ALWAYS_SEARCH_USER_PATHS = NO;
				CLANG_ANALYZER_NONNULL = YES;
				CLANG_ANALYZER_NUMBER_OBJECT_CONVERSION = YES_AGGRESSIVE;
				CLANG_CXX_LANGUAGE_STANDARD = "gnu++14";
				CLANG_CXX_LIBRARY = "libc++";
				CLANG_ENABLE_MODULES = YES;
				CLANG_ENABLE_OBJC_ARC = YES;
				CLANG_ENABLE_OBJC_WEAK = YES;
				CLANG_WARN_BLOCK_CAPTURE_AUTORELEASING = YES;
				CLANG_WARN_BOOL_CONVERSION = YES;
				CLANG_WARN_COMMA = YES;
				CLANG_WARN_CONSTANT_CONVERSION = YES;
				CLANG_WARN_DEPRECATED_OBJC_IMPLEMENTATIONS = YES;
				CLANG_WARN_DIRECT_OBJC_ISA_USAGE = YES_ERROR;
				CLANG_WARN_DOCUMENTATION_COMMENTS = YES;
				CLANG_WARN_EMPTY_BODY = YES;
				CLANG_WARN_ENUM_CONVERSION = YES;
				CLANG_WARN_INFINITE_RECURSION = YES;
				CLANG_WARN_INT_CONVERSION = YES;
				CLANG_WARN_NON_LITERAL_NULL_CONVERSION = YES;
				CLANG_WARN_OBJC_IMPLICIT_RETAIN_SELF = YES;
				CLANG_WARN_OBJC_LITERAL_CONVERSION = YES;
				CLANG_WARN_OBJC_ROOT_CLASS = YES_ERROR;
				CLANG_WARN_RANGE_LOOP_ANALYSIS = YES;
				CLANG_WARN_STRICT_PROTOTYPES = YES;
				CLANG_WARN_SUSPICIOUS_MOVE = YES;
				CLANG_WARN_UNGUARDED_AVAILABILITY = YES_AGGRESSIVE;
				CLANG_WARN_UNREACHABLE_CODE = YES;
				CLANG_WARN__DUPLICATE_METHOD_MATCH = YES;
				COPY_PHASE_STRIP = NO;
				DEBUG_INFORMATION_FORMAT = dwarf;
				ENABLE_STRICT_OBJC_MSGSEND = YES;
				ENABLE_TESTABILITY = YES;
				GCC_C_LANGUAGE_STANDARD = gnu11;
				GCC_DYNAMIC_NO_PIC = NO;
				GCC_NO_COMMON_BLOCKS = YES;
				GCC_OPTIMIZATION_LEVEL = 0;
				GCC_PREPROCESSOR_DEFINITIONS = (
					"DEBUG=1",
					"$(inherited)",
				);
				GCC_WARN_64_TO_32_BIT_CONVERSION = YES;
				GCC_WARN_ABOUT_RETURN_TYPE = YES_ERROR;
				GCC_WARN_UNDECLARED_SELECTOR = YES;
				GCC_WARN_UNINITIALIZED_AUTOS = YES_AGGRESSIVE;
				GCC_WARN_UNUSED_FUNCTION = YES;
				GCC_WARN_UNUSED_VARIABLE = YES;
				IPHONEOS_DEPLOYMENT_TARGET = 13.1;
				MTL_ENABLE_DEBUG_INFO = INCLUDE_SOURCE;
				MTL_FAST_MATH = YES;
				ONLY_ACTIVE_ARCH = YES;
				SDKROOT = iphoneos;
				SWIFT_ACTIVE_COMPILATION_CONDITIONS = DEBUG;
				SWIFT_OPTIMIZATION_LEVEL = "-Onone";
			};
			name = Debug;
		};
		3265D20D244FAD6B004949AE /* Release */ = {
			isa = XCBuildConfiguration;
			buildSettings = {
				ALWAYS_SEARCH_USER_PATHS = NO;
				CLANG_ANALYZER_NONNULL = YES;
				CLANG_ANALYZER_NUMBER_OBJECT_CONVERSION = YES_AGGRESSIVE;
				CLANG_CXX_LANGUAGE_STANDARD = "gnu++14";
				CLANG_CXX_LIBRARY = "libc++";
				CLANG_ENABLE_MODULES = YES;
				CLANG_ENABLE_OBJC_ARC = YES;
				CLANG_ENABLE_OBJC_WEAK = YES;
				CLANG_WARN_BLOCK_CAPTURE_AUTORELEASING = YES;
				CLANG_WARN_BOOL_CONVERSION = YES;
				CLANG_WARN_COMMA = YES;
				CLANG_WARN_CONSTANT_CONVERSION = YES;
				CLANG_WARN_DEPRECATED_OBJC_IMPLEMENTATIONS = YES;
				CLANG_WARN_DIRECT_OBJC_ISA_USAGE = YES_ERROR;
				CLANG_WARN_DOCUMENTATION_COMMENTS = YES;
				CLANG_WARN_EMPTY_BODY = YES;
				CLANG_WARN_ENUM_CONVERSION = YES;
				CLANG_WARN_INFINITE_RECURSION = YES;
				CLANG_WARN_INT_CONVERSION = YES;
				CLANG_WARN_NON_LITERAL_NULL_CONVERSION = YES;
				CLANG_WARN_OBJC_IMPLICIT_RETAIN_SELF = YES;
				CLANG_WARN_OBJC_LITERAL_CONVERSION = YES;
				CLANG_WARN_OBJC_ROOT_CLASS = YES_ERROR;
				CLANG_WARN_RANGE_LOOP_ANALYSIS = YES;
				CLANG_WARN_STRICT_PROTOTYPES = YES;
				CLANG_WARN_SUSPICIOUS_MOVE = YES;
				CLANG_WARN_UNGUARDED_AVAILABILITY = YES_AGGRESSIVE;
				CLANG_WARN_UNREACHABLE_CODE = YES;
				CLANG_WARN__DUPLICATE_METHOD_MATCH = YES;
				COPY_PHASE_STRIP = NO;
				DEBUG_INFORMATION_FORMAT = "dwarf-with-dsym";
				ENABLE_NS_ASSERTIONS = NO;
				ENABLE_STRICT_OBJC_MSGSEND = YES;
				GCC_C_LANGUAGE_STANDARD = gnu11;
				GCC_NO_COMMON_BLOCKS = YES;
				GCC_WARN_64_TO_32_BIT_CONVERSION = YES;
				GCC_WARN_ABOUT_RETURN_TYPE = YES_ERROR;
				GCC_WARN_UNDECLARED_SELECTOR = YES;
				GCC_WARN_UNINITIALIZED_AUTOS = YES_AGGRESSIVE;
				GCC_WARN_UNUSED_FUNCTION = YES;
				GCC_WARN_UNUSED_VARIABLE = YES;
				IPHONEOS_DEPLOYMENT_TARGET = 13.1;
				MTL_ENABLE_DEBUG_INFO = NO;
				MTL_FAST_MATH = YES;
				SDKROOT = iphoneos;
				SWIFT_COMPILATION_MODE = wholemodule;
				SWIFT_OPTIMIZATION_LEVEL = "-O";
				VALIDATE_PRODUCT = YES;
			};
			name = Release;
		};
		3265D20F244FAD6B004949AE /* Debug */ = {
			isa = XCBuildConfiguration;
			baseConfigurationReference = FB703115E26884E604592302 /* Pods-vacaciones_HEB.debug.xcconfig */;
			buildSettings = {
				ASSETCATALOG_COMPILER_APPICON_NAME = AppIcon;
				CODE_SIGN_STYLE = Automatic;
				DEVELOPMENT_TEAM = T9A3T58L8X;
				INFOPLIST_FILE = vacaciones_HEB/Info.plist;
				LD_RUNPATH_SEARCH_PATHS = (
					"$(inherited)",
					"@executable_path/Frameworks",
				);
				PRODUCT_BUNDLE_IDENTIFIER = "Itesm.vacaciones-HEB";
				PRODUCT_NAME = "$(TARGET_NAME)";
				SWIFT_VERSION = 5.0;
				TARGETED_DEVICE_FAMILY = "1,2";
			};
			name = Debug;
		};
		3265D210244FAD6B004949AE /* Release */ = {
			isa = XCBuildConfiguration;
			baseConfigurationReference = 6BBCF35BEE31BF1B1C4BC8C6 /* Pods-vacaciones_HEB.release.xcconfig */;
			buildSettings = {
				ASSETCATALOG_COMPILER_APPICON_NAME = AppIcon;
				CODE_SIGN_STYLE = Automatic;
				DEVELOPMENT_TEAM = T9A3T58L8X;
				INFOPLIST_FILE = vacaciones_HEB/Info.plist;
				LD_RUNPATH_SEARCH_PATHS = (
					"$(inherited)",
					"@executable_path/Frameworks",
				);
				PRODUCT_BUNDLE_IDENTIFIER = "Itesm.vacaciones-HEB";
				PRODUCT_NAME = "$(TARGET_NAME)";
				SWIFT_VERSION = 5.0;
				TARGETED_DEVICE_FAMILY = "1,2";
			};
			name = Release;
		};
/* End XCBuildConfiguration section */

/* Begin XCConfigurationList section */
		3265D1F5244FAD4E004949AE /* Build configuration list for PBXProject "vacaciones_HEB" */ = {
			isa = XCConfigurationList;
			buildConfigurations = (
				3265D20C244FAD6B004949AE /* Debug */,
				3265D20D244FAD6B004949AE /* Release */,
			);
			defaultConfigurationIsVisible = 0;
			defaultConfigurationName = Release;
		};
		3265D20E244FAD6B004949AE /* Build configuration list for PBXNativeTarget "vacaciones_HEB" */ = {
			isa = XCConfigurationList;
			buildConfigurations = (
				3265D20F244FAD6B004949AE /* Debug */,
				3265D210244FAD6B004949AE /* Release */,
			);
			defaultConfigurationIsVisible = 0;
			defaultConfigurationName = Release;
		};
/* End XCConfigurationList section */
	};
	rootObject = 3265D1F2244FAD4E004949AE /* Project object */;
}
